{
  "lockfileVersion": 1,
  "workspaces": {
    "": {
      "name": "example-fan-out-fan-in-async-ts",
      "dependencies": {
        "@resonatehq/sdk": "^0.11.0",
      },
      "devDependencies": {
        "@types/bun": "latest",
      },
      "peerDependencies": {
        "typescript": "^5",
      },
    },
  },
  "packages": {
    "@resonatehq/sdk": ["@resonatehq/sdk@0.11.2", "", { "dependencies": { "cron-parser": "^5.3.0", "eventsource": "^4.0.0" }, "peerDependencies": { "@nats-io/transport-node": "^3.0.0" }, "optionalPeers": ["@nats-io/transport-node"] }, "sha512-47VwP1MWwVEOTVdeGL2vfzbLEWbXIZF0OSxm8hxdArZKArozJ2AA8jT5ZALaoA8t00dKCKZ3NY1e0wcG5vLplQ=="],

    "@types/bun": ["@types/bun@1.3.14", "", { "dependencies": { "bun-types": "1.3.14" } }, "sha512-h1hFqFVcvAvD9j9K7ZW7vd82aSA+rTdznZa+5bwvCwqSB1jmmfLcbIWhOLx1/+boy/xmjgCs/OMUL8hRJSmnPw=="],

    "@types/node": ["@types/node@26.1.1", "", { "dependencies": { "undici-types": "~8.3.0" } }, "sha512-nxAkRSVkN1Y0JC1W8ky/fTfkGsMmcrRsbx+3XoZE+rMOX71kLYTV7fLXpqud1GpbpP5TuffXFqfX7fH2GgZREw=="],

    "bun-types": ["bun-types@1.3.14", "", { "dependencies": { "@types/node": "*" } }, "sha512-4N0ig0fEomHt5R0KCFWjovxow98rIoRwKolrYdCcknNwMekCXRnWEUvgu5soYV8QXtVsrUD8B95MBOZGPvr6KQ=="],

    "cron-parser": ["cron-parser@5.6.2", "", { "dependencies": { "luxon": "^3.7.2" } }, "sha512-yJ/G1LVir6CnlkLI40CsampPLKl1SprGGlUagWtGJxewytRVYezv5xVyzzbT+Pvzx+VIRvZVF7/a0eEMTxdnTA=="],

    "eventsource": ["eventsource@4.1.0", "", { "dependencies": { "eventsource-parser": "^3.0.1" } }, "sha512-2GuF51iuHX6A9xdTccMTsNb7VO0lHZihApxhvQzJB5A03DvHDd2FQepodbMaztPBmBcE/ox7o2gqaxGhYB9LhQ=="],

    "eventsource-parser": ["eventsource-parser@3.1.0", "", {}, "sha512-kJezFj9YFAMLeORyi7aCLxLbD5/qWMQnoMVlVPyHIll7lgRJCc3JVln9Vgl9nwQi0YkMnhdGTMNn7CkRRAptMg=="],

    "luxon": ["luxon@3.7.2", "", {}, "sha512-vtEhXh/gNjI9Yg1u4jX/0YVPMvxzHuGgCm6tC5kZyb08yjGWGnqAjGJvcXbqQR2P3MyMEFnRbpcdFS6PBcLqew=="],

    "typescript": ["typescript@5.9.3", "", { "bin": { "tsc": "bin/tsc", "tsserver": "bin/tsserver" } }, "sha512-jl1vZzPDinLr9eUt3J/t7V6FgNEw9QjvBPdysz9KfQDD41fQrC2Y4vKQdiaUpFT4bXlb1RHhLpp8wtm6M5TgSw=="],

    "undici-types": ["undici-types@8.3.0", "", {}, "sha512-j375ScV60dom+YkPFIfTLcOiPxkN/buHz5GobjLhixFuANaNs3C9l4GmrWqejgXWJ7BbJcFYpTEUkS1Ge8bpZQ=="],
  }
}
